{
  "name": "意外小星球-跨平台多端社区",
  "lockfileVersion": 2,
  "requires": true,
  "packages": {
    "": {
      "dependencies": {
        "uview-ui": "^2.0.28"
      }
    },
    "node_modules/uview-ui": {
      "version": "2.0.28",
      "resolved": "https://registry.npmmirror.com/uview-ui/-/uview-ui-2.0.28.tgz",
      "integrity": "sha512-H50WZJg/SIjpv1mcxvMaCcZgOWMyE+iWy7ANe/ZtvZgsPaYzMYzZdhiHl7ml0bA72fSJUseahSVLen8WhCVpRA==",
      "engines": {
        "HBuilderX": "^3.1.0"
      }
    }
  },
  "dependencies": {
    "uview-ui": {
      "version": "2.0.28",
      "resolved": "https://registry.npmmirror.com/uview-ui/-/uview-ui-2.0.28.tgz",
      "integrity": "sha512-H50WZJg/SIjpv1mcxvMaCcZgOWMyE+iWy7ANe/ZtvZgsPaYzMYzZdhiHl7ml0bA72fSJUseahSVLen8WhCVpRA=="
    }
  }
}
